
Microsoft Visual Studio Solution File, Format Version 12.00
# Visual Studio 15
VisualStudioVersion = 15.0.28010.2003
MinimumVisualStudioVersion = 10.0.40219.1
Project("{888888A0-9F3D-457C-B088-3A5042F75D52}") = "NoBS", "NoBS.pyproj", "{A83734DF-749A-49E0-B6B0-77C8C259BE85}"
EndProject
Global
	GlobalSection(SolutionConfigurationPlatforms) = preSolution
		Debug|Any CPU = Debug|Any CPU
		Release|Any CPU = Release|Any CPU
	EndGlobalSection
	GlobalSection(ProjectConfigurationPlatforms) = postSolution
		{A83734DF-749A-49E0-B6B0-77C8C259BE85}.Debug|Any CPU.ActiveCfg = Debug|Any CPU
		{A83734DF-749A-49E0-B6B0-77C8C259BE85}.Release|Any CPU.ActiveCfg = Release|Any CPU
	EndGlobalSection
	GlobalSection(SolutionProperties) = preSolution
		HideSolutionNode = FALSE
	EndGlobalSection
	GlobalSection(ExtensibilityGlobals) = postSolution
		SolutionGuid = {1BC3F501-ED0E-4196-8CE3-115D0371D9B0}
	EndGlobalSection
EndGlobal
